
Microsoft Visual Studio Solution File, Format Version 12.00
# Visual Studio Version 17
VisualStudioVersion = 17.0.31903.59
MinimumVisualStudioVersion = 10.0.40219.1
Project("{2150E333-8FDC-42A3-9474-1A3956D46DE8}") = "2023", "2023", "{36B091CD-300E-468F-B54F-438A4826479D}"
EndProject
Project("{2150E333-8FDC-42A3-9474-1A3956D46DE8}") = "Common", "Common", "{DA8315AA-0114-4847-8A48-F6C49A631059}"
EndProject
Project("{FAE04EC0-301F-11D3-BF4B-00C04F79EFBC}") = "Common", "2023\Common\src\Common.csproj", "{6552D105-C30E-459B-B59C-006482E9AD53}"
EndProject
Project("{2150E333-8FDC-42A3-9474-1A3956D46DE8}") = "Day_1", "Day_1", "{081E88F1-BF5E-4AEC-AEBD-49E9EBE8694C}"
EndProject
Project("{FAE04EC0-301F-11D3-BF4B-00C04F79EFBC}") = "Day_1", "2023\Day_1\src\Day_1.csproj", "{E326BB36-37C0-4659-B0E6-BFB2FC9FCDC1}"
EndProject
Project("{FAE04EC0-301F-11D3-BF4B-00C04F79EFBC}") = "Test_Day1", "2023\Day_1\test\Test_Day1.csproj", "{648292C2-B66B-4E59-9EAA-B9977FE8E999}"
EndProject
Project("{2150E333-8FDC-42A3-9474-1A3956D46DE8}") = "Day_2", "Day_2", "{6DB83F81-9736-4EE7-88E2-DCE472D97095}"
EndProject
Project("{FAE04EC0-301F-11D3-BF4B-00C04F79EFBC}") = "Day_2", "2023\Day_2\src\Day_2.csproj", "{7023CB4F-AB9B-4E74-8AD8-05096EB7CAAD}"
EndProject
Project("{FAE04EC0-301F-11D3-BF4B-00C04F79EFBC}") = "Test_Day2", "2023\Day_2\test\Test_Day2.csproj", "{137489C3-C4A3-437C-9AD6-A782A1D9D8D4}"
EndProject
Project("{2150E333-8FDC-42A3-9474-1A3956D46DE8}") = "Copy", "Copy", "{1E3CD1EB-C42C-446D-A76F-A4BFAF7492E1}"
EndProject
Project("{FAE04EC0-301F-11D3-BF4B-00C04F79EFBC}") = "Day_N", "2023\Copy\src\Day_N.csproj", "{58236E2B-DC0B-4A82-BE12-63FDEB82E80A}"
EndProject
Project("{FAE04EC0-301F-11D3-BF4B-00C04F79EFBC}") = "Test_DayN", "2023\Copy\test\Test_DayN.csproj", "{F966385C-4935-4B20-9094-17B52BF09C8E}"
EndProject
Project("{2150E333-8FDC-42A3-9474-1A3956D46DE8}") = "Day_3", "Day_3", "{4A3E28E5-9688-40EA-AE0B-126479651D5A}"
EndProject
Project("{FAE04EC0-301F-11D3-BF4B-00C04F79EFBC}") = "Day_3", "2023\Day_3\src\Day_3.csproj", "{103FC821-991C-4457-816A-23281F2CFA37}"
EndProject
Project("{FAE04EC0-301F-11D3-BF4B-00C04F79EFBC}") = "Test_Day3", "2023\Day_3\test\Test_Day3.csproj", "{5C17C34B-1EE8-4885-8571-03F1AC20E412}"
EndProject
Global
	GlobalSection(SolutionConfigurationPlatforms) = preSolution
		Debug|Any CPU = Debug|Any CPU
		Release|Any CPU = Release|Any CPU
	EndGlobalSection
	GlobalSection(SolutionProperties) = preSolution
		HideSolutionNode = FALSE
	EndGlobalSection
	GlobalSection(ProjectConfigurationPlatforms) = postSolution
		{6552D105-C30E-459B-B59C-006482E9AD53}.Debug|Any CPU.ActiveCfg = Debug|Any CPU
		{6552D105-C30E-459B-B59C-006482E9AD53}.Debug|Any CPU.Build.0 = Debug|Any CPU
		{6552D105-C30E-459B-B59C-006482E9AD53}.Release|Any CPU.ActiveCfg = Release|Any CPU
		{6552D105-C30E-459B-B59C-006482E9AD53}.Release|Any CPU.Build.0 = Release|Any CPU
		{E326BB36-37C0-4659-B0E6-BFB2FC9FCDC1}.Debug|Any CPU.ActiveCfg = Debug|Any CPU
		{E326BB36-37C0-4659-B0E6-BFB2FC9FCDC1}.Debug|Any CPU.Build.0 = Debug|Any CPU
		{E326BB36-37C0-4659-B0E6-BFB2FC9FCDC1}.Release|Any CPU.ActiveCfg = Release|Any CPU
		{E326BB36-37C0-4659-B0E6-BFB2FC9FCDC1}.Release|Any CPU.Build.0 = Release|Any CPU
		{648292C2-B66B-4E59-9EAA-B9977FE8E999}.Debug|Any CPU.ActiveCfg = Debug|Any CPU
		{648292C2-B66B-4E59-9EAA-B9977FE8E999}.Debug|Any CPU.Build.0 = Debug|Any CPU
		{648292C2-B66B-4E59-9EAA-B9977FE8E999}.Release|Any CPU.ActiveCfg = Release|Any CPU
		{648292C2-B66B-4E59-9EAA-B9977FE8E999}.Release|Any CPU.Build.0 = Release|Any CPU
		{7023CB4F-AB9B-4E74-8AD8-05096EB7CAAD}.Debug|Any CPU.ActiveCfg = Debug|Any CPU
		{7023CB4F-AB9B-4E74-8AD8-05096EB7CAAD}.Debug|Any CPU.Build.0 = Debug|Any CPU
		{7023CB4F-AB9B-4E74-8AD8-05096EB7CAAD}.Release|Any CPU.ActiveCfg = Release|Any CPU
		{7023CB4F-AB9B-4E74-8AD8-05096EB7CAAD}.Release|Any CPU.Build.0 = Release|Any CPU
		{137489C3-C4A3-437C-9AD6-A782A1D9D8D4}.Debug|Any CPU.ActiveCfg = Debug|Any CPU
		{137489C3-C4A3-437C-9AD6-A782A1D9D8D4}.Debug|Any CPU.Build.0 = Debug|Any CPU
		{137489C3-C4A3-437C-9AD6-A782A1D9D8D4}.Release|Any CPU.ActiveCfg = Release|Any CPU
		{137489C3-C4A3-437C-9AD6-A782A1D9D8D4}.Release|Any CPU.Build.0 = Release|Any CPU
		{58236E2B-DC0B-4A82-BE12-63FDEB82E80A}.Debug|Any CPU.ActiveCfg = Debug|Any CPU
		{58236E2B-DC0B-4A82-BE12-63FDEB82E80A}.Debug|Any CPU.Build.0 = Debug|Any CPU
		{58236E2B-DC0B-4A82-BE12-63FDEB82E80A}.Release|Any CPU.ActiveCfg = Release|Any CPU
		{58236E2B-DC0B-4A82-BE12-63FDEB82E80A}.Release|Any CPU.Build.0 = Release|Any CPU
		{F966385C-4935-4B20-9094-17B52BF09C8E}.Debug|Any CPU.ActiveCfg = Debug|Any CPU
		{F966385C-4935-4B20-9094-17B52BF09C8E}.Debug|Any CPU.Build.0 = Debug|Any CPU
		{F966385C-4935-4B20-9094-17B52BF09C8E}.Release|Any CPU.ActiveCfg = Release|Any CPU
		{F966385C-4935-4B20-9094-17B52BF09C8E}.Release|Any CPU.Build.0 = Release|Any CPU
		{103FC821-991C-4457-816A-23281F2CFA37}.Debug|Any CPU.ActiveCfg = Debug|Any CPU
		{103FC821-991C-4457-816A-23281F2CFA37}.Debug|Any CPU.Build.0 = Debug|Any CPU
		{103FC821-991C-4457-816A-23281F2CFA37}.Release|Any CPU.ActiveCfg = Release|Any CPU
		{103FC821-991C-4457-816A-23281F2CFA37}.Release|Any CPU.Build.0 = Release|Any CPU
		{5C17C34B-1EE8-4885-8571-03F1AC20E412}.Debug|Any CPU.ActiveCfg = Debug|Any CPU
		{5C17C34B-1EE8-4885-8571-03F1AC20E412}.Debug|Any CPU.Build.0 = Debug|Any CPU
		{5C17C34B-1EE8-4885-8571-03F1AC20E412}.Release|Any CPU.ActiveCfg = Release|Any CPU
		{5C17C34B-1EE8-4885-8571-03F1AC20E412}.Release|Any CPU.Build.0 = Release|Any CPU
	EndGlobalSection
	GlobalSection(NestedProjects) = preSolution
		{DA8315AA-0114-4847-8A48-F6C49A631059} = {36B091CD-300E-468F-B54F-438A4826479D}
		{6552D105-C30E-459B-B59C-006482E9AD53} = {DA8315AA-0114-4847-8A48-F6C49A631059}
		{081E88F1-BF5E-4AEC-AEBD-49E9EBE8694C} = {36B091CD-300E-468F-B54F-438A4826479D}
		{E326BB36-37C0-4659-B0E6-BFB2FC9FCDC1} = {081E88F1-BF5E-4AEC-AEBD-49E9EBE8694C}
		{648292C2-B66B-4E59-9EAA-B9977FE8E999} = {081E88F1-BF5E-4AEC-AEBD-49E9EBE8694C}
		{6DB83F81-9736-4EE7-88E2-DCE472D97095} = {36B091CD-300E-468F-B54F-438A4826479D}
		{7023CB4F-AB9B-4E74-8AD8-05096EB7CAAD} = {6DB83F81-9736-4EE7-88E2-DCE472D97095}
		{137489C3-C4A3-437C-9AD6-A782A1D9D8D4} = {6DB83F81-9736-4EE7-88E2-DCE472D97095}
		{1E3CD1EB-C42C-446D-A76F-A4BFAF7492E1} = {36B091CD-300E-468F-B54F-438A4826479D}
		{58236E2B-DC0B-4A82-BE12-63FDEB82E80A} = {1E3CD1EB-C42C-446D-A76F-A4BFAF7492E1}
		{F966385C-4935-4B20-9094-17B52BF09C8E} = {1E3CD1EB-C42C-446D-A76F-A4BFAF7492E1}
		{4A3E28E5-9688-40EA-AE0B-126479651D5A} = {36B091CD-300E-468F-B54F-438A4826479D}
		{103FC821-991C-4457-816A-23281F2CFA37} = {4A3E28E5-9688-40EA-AE0B-126479651D5A}
		{5C17C34B-1EE8-4885-8571-03F1AC20E412} = {4A3E28E5-9688-40EA-AE0B-126479651D5A}
	EndGlobalSection
EndGlobal
